
Microsoft Visual Studio Solution File, Format Version 12.00
# Visual Studio Version 17
VisualStudioVersion = 17.5.002.0
MinimumVisualStudioVersion = 10.0.40219.1
Project("{9A19103F-16F7-4668-BE54-9A1E7A4F7556}") = "WebApp1", "WebApp1.csproj", "{B730833F-227C-4405-A74E-FB1EA962282F}"
EndProject
Global
	GlobalSection(SolutionConfigurationPlatforms) = preSolution
		Debug|Any CPU = Debug|Any CPU
		Release|Any CPU = Release|Any CPU
	EndGlobalSection
	GlobalSection(ProjectConfigurationPlatforms) = postSolution
		{B730833F-227C-4405-A74E-FB1EA962282F}.Debug|Any CPU.ActiveCfg = Debug|Any CPU
		{B730833F-227C-4405-A74E-FB1EA962282F}.Debug|Any CPU.Build.0 = Debug|Any CPU
		{B730833F-227C-4405-A74E-FB1EA962282F}.Release|Any CPU.ActiveCfg = Release|Any CPU
		{B730833F-227C-4405-A74E-FB1EA962282F}.Release|Any CPU.Build.0 = Release|Any CPU
	EndGlobalSection
	GlobalSection(SolutionProperties) = preSolution
		HideSolutionNode = FALSE
	EndGlobalSection
	GlobalSection(ExtensibilityGlobals) = postSolution
		SolutionGuid = {910F391B-AB12-49C3-8140-6F44A43F0276}
	EndGlobalSection
EndGlobal
